// !$*UTF8*$!
{
	archiveVersion = 1;
	classes = {
	};
	objectVersion = 46;
	objects = {

/* Begin PBXBuildFile section */
		089494871AC8BCB5006ECF88 /* AppDelegate.swift in Sources */ = {isa = PBXBuildFile; fileRef = 089494861AC8BCB5006ECF88 /* AppDelegate.swift */; };
		089494891AC8BCB5006ECF88 /* ViewController.swift in Sources */ = {isa = PBXBuildFile; fileRef = 089494881AC8BCB5006ECF88 /* ViewController.swift */; };
		0894948C1AC8BCB5006ECF88 /* Main.storyboard in Resources */ = {isa = PBXBuildFile; fileRef = 0894948A1AC8BCB5006ECF88 /* Main.storyboard */; };
		0894948E1AC8BCBA006ECF88 /* Images.xcassets in Resources */ = {isa = PBXBuildFile; fileRef = 0894948D1AC8BCBA006ECF88 /* Images.xcassets */; };
		089494911AC8BCBA006ECF88 /* LaunchScreen.xib in Resources */ = {isa = PBXBuildFile; fileRef = 0894948F1AC8BCBA006ECF88 /* LaunchScreen.xib */; };
		0894949D1AC8BCBD006ECF88 /* StormyTests.swift in Sources */ = {isa = PBXBuildFile; fileRef = 0894949C1AC8BCBD006ECF88 /* StormyTests.swift */; };
/* End PBXBuildFile section */

/* Begin PBXContainerItemProxy section */
		089494971AC8BCBA006ECF88 /* PBXContainerItemProxy */ = {
			isa = PBXContainerItemProxy;
			containerPortal = 089494791AC8BCB3006ECF88 /* Project object */;
			proxyType = 1;
			remoteGlobalIDString = 089494801AC8BCB3006ECF88;
			remoteInfo = Stormy;
		};
/* End PBXContainerItemProxy section */

/* Begin PBXFileReference section */
		089494811AC8BCB3006ECF88 /* Stormy.app */ = {isa = PBXFileReference; explicitFileType = wrapper.application; includeInIndex = 0; path = Stormy.app; sourceTree = BUILT_PRODUCTS_DIR; };
		089494851AC8BCB4006ECF88 /* Info.plist */ = {isa = PBXFileReference; lastKnownFileType = text.plist.xml; path = Info.plist; sourceTree = "<group>"; };
		089494861AC8BCB5006ECF88 /* AppDelegate.swift */ = {isa = PBXFileReference; lastKnownFileType = sourcecode.swift; path = AppDelegate.swift; sourceTree = "<group>"; };
		089494881AC8BCB5006ECF88 /* ViewController.swift */ = {isa = PBXFileReference; lastKnownFileType = sourcecode.swift; path = ViewController.swift; sourceTree = "<group>"; };
		0894948B1AC8BCB5006ECF88 /* Base */ = {isa = PBXFileReference; lastKnownFileType = file.storyboard; name = Base; path = Base.lproj/Main.storyboard; sourceTree = "<group>"; };
		0894948D1AC8BCBA006ECF88 /* Images.xcassets */ = {isa = PBXFileReference; lastKnownFileType = folder.assetcatalog; path = Images.xcassets; sourceTree = "<group>"; };
		089494901AC8BCBA006ECF88 /* Base */ = {isa = PBXFileReference; lastKnownFileType = file.xib; name = Base; path = Base.lproj/LaunchScreen.xib; sourceTree = "<group>"; };
		089494961AC8BCBA006ECF88 /* StormyTests.xctest */ = {isa = PBXFileReference; explicitFileType = wrapper.cfbundle; includeInIndex = 0; path = StormyTests.xctest; sourceTree = BUILT_PRODUCTS_DIR; };
		0894949B1AC8BCBC006ECF88 /* Info.plist */ = {isa = PBXFileReference; lastKnownFileType = text.plist.xml; path = Info.plist; sourceTree = "<group>"; };
		0894949C1AC8BCBD006ECF88 /* StormyTests.swift */ = {isa = PBXFileReference; lastKnownFileType = sourcecode.swift; path = StormyTests.swift; sourceTree = "<group>"; };
/* End PBXFileReference section */

/* Begin PBXFrameworksBuildPhase section */
		0894947E1AC8BCB3006ECF88 /* Frameworks */ = {
			isa = PBXFrameworksBuildPhase;
			buildActionMask = 2147483647;
			files = (
			);
			runOnlyForDeploymentPostprocessing = 0;
		};
		089494931AC8BCBA006ECF88 /* Frameworks */ = {
			isa = PBXFrameworksBuildPhase;
			buildActionMask = 2147483647;
			files = (
			);
			runOnlyForDeploymentPostprocessing = 0;
		};
/* End PBXFrameworksBuildPhase section */

/* Begin PBXGroup section */
		089494781AC8BCB2006ECF88 = {
			isa = PBXGroup;
			children = (
				089494831AC8BCB3006ECF88 /* Stormy */,
				089494991AC8BCBB006ECF88 /* StormyTests */,
				089494821AC8BCB3006ECF88 /* Products */,
			);
			sourceTree = "<group>";
		};
		089494821AC8BCB3006ECF88 /* Products */ = {
			isa = PBXGroup;
			children = (
				089494811AC8BCB3006ECF88 /* Stormy.app */,
				089494961AC8BCBA006ECF88 /* StormyTests.xctest */,
			);
			name = Products;
			sourceTree = "<group>";
		};
		089494831AC8BCB3006ECF88 /* Stormy */ = {
			isa = PBXGroup;
			children = (
				089494861AC8BCB5006ECF88 /* AppDelegate.swift */,
				089494881AC8BCB5006ECF88 /* ViewController.swift */,
				0894948A1AC8BCB5006ECF88 /* Main.storyboard */,
				0894948D1AC8BCBA006ECF88 /* Images.xcassets */,
				0894948F1AC8BCBA006ECF88 /* LaunchScreen.xib */,
				089494841AC8BCB4006ECF88 /* Supporting Files */,
			);
			path = Stormy;
			sourceTree = "<group>";
		};
		089494841AC8BCB4006ECF88 /* Supporting Files */ = {
			isa = PBXGroup;
			children = (
				089494851AC8BCB4006ECF88 /* Info.plist */,
			);
			name = "Supporting Files";
			sourceTree = "<group>";
		};
		089494991AC8BCBB006ECF88 /* StormyTests */ = {
			isa = PBXGroup;
			children = (
				0894949C1AC8BCBD006ECF88 /* StormyTests.swift */,
				0894949A1AC8BCBC006ECF88 /* Supporting Files */,
			);
			path = StormyTests;
			sourceTree = "<group>";
		};
		0894949A1AC8BCBC006ECF88 /* Supporting Files */ = {
			isa = PBXGroup;
			children = (
				0894949B1AC8BCBC006ECF88 /* Info.plist */,
			);
			name = "Supporting Files";
			sourceTree = "<group>";
		};
/* End PBXGroup section */

/* Begin PBXNativeTarget section */
		089494801AC8BCB3006ECF88 /* Stormy */ = {
			isa = PBXNativeTarget;
			buildConfigurationList = 089494A01AC8BCBD006ECF88 /* Build configuration list for PBXNativeTarget "Stormy" */;
			buildPhases = (
				0894947D1AC8BCB3006ECF88 /* Sources */,
				0894947E1AC8BCB3006ECF88 /* Frameworks */,
				0894947F1AC8BCB3006ECF88 /* Resources */,
			);
			buildRules = (
			);
			dependencies = (
			);
			name = Stormy;
			productName = Stormy;
			productReference = 089494811AC8BCB3006ECF88 /* Stormy.app */;
			productType = "com.apple.product-type.application";
		};
		089494951AC8BCBA006ECF88 /* StormyTests */ = {
			isa = PBXNativeTarget;
			buildConfigurationList = 089494A31AC8BCBD006ECF88 /* Build configuration list for PBXNativeTarget "StormyTests" */;
			buildPhases = (
				089494921AC8BCBA006ECF88 /* Sources */,
				089494931AC8BCBA006ECF88 /* Frameworks */,
				089494941AC8BCBA006ECF88 /* Resources */,
			);
			buildRules = (
			);
			dependencies = (
				089494981AC8BCBA006ECF88 /* PBXTargetDependency */,
			);
			name = StormyTests;
			productName = StormyTests;
			productReference = 089494961AC8BCBA006ECF88 /* StormyTests.xctest */;
			productType = "com.apple.product-type.bundle.unit-test";
		};
/* End PBXNativeTarget section */

/* Begin PBXProject section */
		089494791AC8BCB3006ECF88 /* Project object */ = {
			isa = PBXProject;
			attributes = {
				LastUpgradeCheck = 0620;
				ORGANIZATIONNAME = "Rickey Paape";
				TargetAttributes = {
					089494801AC8BCB3006ECF88 = {
						CreatedOnToolsVersion = 6.2;
					};
					089494951AC8BCBA006ECF88 = {
						CreatedOnToolsVersion = 6.2;
						TestTargetID = 089494801AC8BCB3006ECF88;
					};
				};
			};
			buildConfigurationList = 0894947C1AC8BCB3006ECF88 /* Build configuration list for PBXProject "Stormy" */;
			compatibilityVersion = "Xcode 3.2";
			developmentRegion = English;
			hasScannedForEncodings = 0;
			knownRegions = (
				en,
				Base,
			);
			mainGroup = 089494781AC8BCB2006ECF88;
			productRefGroup = 089494821AC8BCB3006ECF88 /* Products */;
			projectDirPath = "";
			projectRoot = "";
			targets = (
				089494801AC8BCB3006ECF88 /* Stormy */,
				089494951AC8BCBA006ECF88 /* StormyTests */,
			);
		};
/* End PBXProject section */

/* Begin PBXResourcesBuildPhase section */
		0894947F1AC8BCB3006ECF88 /* Resources */ = {
			isa = PBXResourcesBuildPhase;
			buildActionMask = 2147483647;
			files = (
				0894948C1AC8BCB5006ECF88 /* Main.storyboard in Resources */,
				089494911AC8BCBA006ECF88 /* LaunchScreen.xib in Resources */,
				0894948E1AC8BCBA006ECF88 /* Images.xcassets in Resources */,
			);
			runOnlyForDeploymentPostprocessing = 0;
		};
		089494941AC8BCBA006ECF88 /* Resources */ = {
			isa = PBXResourcesBuildPhase;
			buildActionMask = 2147483647;
			files = (
			);
			runOnlyForDeploymentPostprocessing = 0;
		};
/* End PBXResourcesBuildPhase section */

/* Begin PBXSourcesBuildPhase section */
		0894947D1AC8BCB3006ECF88 /* Sources */ = {
			isa = PBXSourcesBuildPhase;
			buildActionMask = 2147483647;
			files = (
				089494891AC8BCB5006ECF88 /* ViewController.swift in Sources */,
				089494871AC8BCB5006ECF88 /* AppDelegate.swift in Sources */,
			);
			runOnlyForDeploymentPostprocessing = 0;
		};
		089494921AC8BCBA006ECF88 /* Sources */ = {
			isa = PBXSourcesBuildPhase;
			buildActionMask = 2147483647;
			files = (
				0894949D1AC8BCBD006ECF88 /* StormyTests.swift in Sources */,
			);
			runOnlyForDeploymentPostprocessing = 0;
		};
/* End PBXSourcesBuildPhase section */

/* Begin PBXTargetDependency section */
		089494981AC8BCBA006ECF88 /* PBXTargetDependency */ = {
			isa = PBXTargetDependency;
			target = 089494801AC8BCB3006ECF88 /* Stormy */;
			targetProxy = 089494971AC8BCBA006ECF88 /* PBXContainerItemProxy */;
		};
/* End PBXTargetDependency section */

/* Begin PBXVariantGroup section */
		0894948A1AC8BCB5006ECF88 /* Main.storyboard */ = {
			isa = PBXVariantGroup;
			children = (
				0894948B1AC8BCB5006ECF88 /* Base */,
			);
			name = Main.storyboard;
			sourceTree = "<group>";
		};
		0894948F1AC8BCBA006ECF88 /* LaunchScreen.xib */ = {
			isa = PBXVariantGroup;
			children = (
				089494901AC8BCBA006ECF88 /* Base */,
			);
			name = LaunchScreen.xib;
			sourceTree = "<group>";
		};
/* End PBXVariantGroup section */

/* Begin XCBuildConfiguration section */
		0894949E1AC8BCBD006ECF88 /* Debug */ = {
			isa = XCBuildConfiguration;
			buildSettings = {
				ALWAYS_SEARCH_USER_PATHS = NO;
				CLANG_CXX_LANGUAGE_STANDARD = "gnu++0x";
				CLANG_CXX_LIBRARY = "libc++";
				CLANG_ENABLE_MODULES = YES;
				CLANG_ENABLE_OBJC_ARC = YES;
				CLANG_WARN_BOOL_CONVERSION = YES;
				CLANG_WARN_CONSTANT_CONVERSION = YES;
				CLANG_WARN_DIRECT_OBJC_ISA_USAGE = YES_ERROR;
				CLANG_WARN_EMPTY_BODY = YES;
				CLANG_WARN_ENUM_CONVERSION = YES;
				CLANG_WARN_INT_CONVERSION = YES;
				CLANG_WARN_OBJC_ROOT_CLASS = YES_ERROR;
				CLANG_WARN_UNREACHABLE_CODE = YES;
				CLANG_WARN__DUPLICATE_METHOD_MATCH = YES;
				"CODE_SIGN_IDENTITY[sdk=iphoneos*]" = "iPhone Developer";
				COPY_PHASE_STRIP = NO;
				ENABLE_STRICT_OBJC_MSGSEND = YES;
				GCC_C_LANGUAGE_STANDARD = gnu99;
				GCC_DYNAMIC_NO_PIC = NO;
				GCC_OPTIMIZATION_LEVEL = 0;
				GCC_PREPROCESSOR_DEFINITIONS = (
					"DEBUG=1",
					"$(inherited)",
				);
				GCC_SYMBOLS_PRIVATE_EXTERN = NO;
				GCC_WARN_64_TO_32_BIT_CONVERSION = YES;
				GCC_WARN_ABOUT_RETURN_TYPE = YES_ERROR;
				GCC_WARN_UNDECLARED_SELECTOR = YES;
				GCC_WARN_UNINITIALIZED_AUTOS = YES_AGGRESSIVE;
				GCC_WARN_UNUSED_FUNCTION = YES;
				GCC_WARN_UNUSED_VARIABLE = YES;
				IPHONEOS_DEPLOYMENT_TARGET = 8.2;
				MTL_ENABLE_DEBUG_INFO = YES;
				ONLY_ACTIVE_ARCH = YES;
				SDKROOT = iphoneos;
				SWIFT_OPTIMIZATION_LEVEL = "-Onone";
				TARGETED_DEVICE_FAMILY = "1,2";
			};
			name = Debug;
		};
		0894949F1AC8BCBD006ECF88 /* Release */ = {
			isa = XCBuildConfiguration;
			buildSettings = {
				ALWAYS_SEARCH_USER_PATHS = NO;
				CLANG_CXX_LANGUAGE_STANDARD = "gnu++0x";
				CLANG_CXX_LIBRARY = "libc++";
				CLANG_ENABLE_MODULES = YES;
				CLANG_ENABLE_OBJC_ARC = YES;
				CLANG_WARN_BOOL_CONVERSION = YES;
				CLANG_WARN_CONSTANT_CONVERSION = YES;
				CLANG_WARN_DIRECT_OBJC_ISA_USAGE = YES_ERROR;
				CLANG_WARN_EMPTY_BODY = YES;
				CLANG_WARN_ENUM_CONVERSION = YES;
				CLANG_WARN_INT_CONVERSION = YES;
				CLANG_WARN_OBJC_ROOT_CLASS = YES_ERROR;
				CLANG_WARN_UNREACHABLE_CODE = YES;
				CLANG_WARN__DUPLICATE_METHOD_MATCH = YES;
				"CODE_SIGN_IDENTITY[sdk=iphoneos*]" = "iPhone Developer";
				COPY_PHASE_STRIP = NO;
				ENABLE_NS_ASSERTIONS = NO;
				ENABLE_STRICT_OBJC_MSGSEND = YES;
				GCC_C_LANGUAGE_STANDARD = gnu99;
				GCC_WARN_64_TO_32_BIT_CONVERSION = YES;
				GCC_WARN_ABOUT_RETURN_TYPE = YES_ERROR;
				GCC_WARN_UNDECLARED_SELECTOR = YES;
				GCC_WARN_UNINITIALIZED_AUTOS = YES_AGGRESSIVE;
				GCC_WARN_UNUSED_FUNCTION = YES;
				GCC_WARN_UNUSED_VARIABLE = YES;
				IPHONEOS_DEPLOYMENT_TARGET = 8.2;
				MTL_ENABLE_DEBUG_INFO = NO;
				SDKROOT = iphoneos;
				TARGETED_DEVICE_FAMILY = "1,2";
				VALIDATE_PRODUCT = YES;
			};
			name = Release;
		};
		089494A11AC8BCBD006ECF88 /* Debug */ = {
			isa = XCBuildConfiguration;
			buildSettings = {
				ASSETCATALOG_COMPILER_APPICON_NAME = AppIcon;
				INFOPLIST_FILE = Stormy/Info.plist;
				LD_RUNPATH_SEARCH_PATHS = "$(inherited) @executable_path/Frameworks";
				PRODUCT_NAME = "$(TARGET_NAME)";
			};
			name = Debug;
		};
		089494A21AC8BCBD006ECF88 /* Release */ = {
			isa = XCBuildConfiguration;
			buildSettings = {
				ASSETCATALOG_COMPILER_APPICON_NAME = AppIcon;
				INFOPLIST_FILE = Stormy/Info.plist;
				LD_RUNPATH_SEARCH_PATHS = "$(inherited) @executable_path/Frameworks";
				PRODUCT_NAME = "$(TARGET_NAME)";
			};
			name = Release;
		};
		089494A41AC8BCBD006ECF88 /* Debug */ = {
			isa = XCBuildConfiguration;
			buildSettings = {
				BUNDLE_LOADER = "$(TEST_HOST)";
				FRAMEWORK_SEARCH_PATHS = (
					"$(SDKROOT)/Developer/Library/Frameworks",
					"$(inherited)",
				);
				GCC_PREPROCESSOR_DEFINITIONS = (
					"DEBUG=1",
					"$(inherited)",
				);
				INFOPLIST_FILE = StormyTests/Info.plist;
				LD_RUNPATH_SEARCH_PATHS = "$(inherited) @executable_path/Frameworks @loader_path/Frameworks";
				PRODUCT_NAME = "$(TARGET_NAME)";
				TEST_HOST = "$(BUILT_PRODUCTS_DIR)/Stormy.app/Stormy";
			};
			name = Debug;
		};
		089494A51AC8BCBD006ECF88 /* Release */ = {
			isa = XCBuildConfiguration;
			buildSettings = {
				BUNDLE_LOADER = "$(TEST_HOST)";
				FRAMEWORK_SEARCH_PATHS = (
					"$(SDKROOT)/Developer/Library/Frameworks",
					"$(inherited)",
				);
				INFOPLIST_FILE = StormyTests/Info.plist;
				LD_RUNPATH_SEARCH_PATHS = "$(inherited) @executable_path/Frameworks @loader_path/Frameworks";
				PRODUCT_NAME = "$(TARGET_NAME)";
				TEST_HOST = "$(BUILT_PRODUCTS_DIR)/Stormy.app/Stormy";
			};
			name = Release;
		};
/* End XCBuildConfiguration section */

/* Begin XCConfigurationList section */
		0894947C1AC8BCB3006ECF88 /* Build configuration list for PBXProject "Stormy" */ = {
			isa = XCConfigurationList;
			buildConfigurations = (
				0894949E1AC8BCBD006ECF88 /* Debug */,
				0894949F1AC8BCBD006ECF88 /* Release */,
			);
			defaultConfigurationIsVisible = 0;
			defaultConfigurationName = Release;
		};
		089494A01AC8BCBD006ECF88 /* Build configuration list for PBXNativeTarget "Stormy" */ = {
			isa = XCConfigurationList;
			buildConfigurations = (
				089494A11AC8BCBD006ECF88 /* Debug */,
				089494A21AC8BCBD006ECF88 /* Release */,
			);
			defaultConfigurationIsVisible = 0;
		};
		089494A31AC8BCBD006ECF88 /* Build configuration list for PBXNativeTarget "StormyTests" */ = {
			isa = XCConfigurationList;
			buildConfigurations = (
				089494A41AC8BCBD006ECF88 /* Debug */,
				089494A51AC8BCBD006ECF88 /* Release */,
			);
			defaultConfigurationIsVisible = 0;
		};
/* End XCConfigurationList section */
	};
	rootObject = 089494791AC8BCB3006ECF88 /* Project object */;
}
